
Microsoft Visual Studio Solution File, Format Version 12.00
# Visual Studio Version 17
VisualStudioVersion = 17.13.35931.197 d17.13
MinimumVisualStudioVersion = 10.0.40219.1
Project("{FAE04EC0-301F-11D3-BF4B-00C04F79EFBC}") = "LIC_WebDeskAPI", "LIC_WebDeskAPI.csproj", "{0F36165E-DE19-4EC6-9D4A-4F675772FA81}"
EndProject
Global
	GlobalSection(SolutionConfigurationPlatforms) = preSolution
		Debug|Any CPU = Debug|Any CPU
		Release|Any CPU = Release|Any CPU
	EndGlobalSection
	GlobalSection(ProjectConfigurationPlatforms) = postSolution
		{0F36165E-DE19-4EC6-9D4A-4F675772FA81}.Debug|Any CPU.ActiveCfg = Debug|Any CPU
		{0F36165E-DE19-4EC6-9D4A-4F675772FA81}.Debug|Any CPU.Build.0 = Debug|Any CPU
		{0F36165E-DE19-4EC6-9D4A-4F675772FA81}.Release|Any CPU.ActiveCfg = Release|Any CPU
		{0F36165E-DE19-4EC6-9D4A-4F675772FA81}.Release|Any CPU.Build.0 = Release|Any CPU
	EndGlobalSection
	GlobalSection(SolutionProperties) = preSolution
		HideSolutionNode = FALSE
	EndGlobalSection
	GlobalSection(ExtensibilityGlobals) = postSolution
		SolutionGuid = {FF6B077A-04BE-44CB-B6F6-8B1379273724}
	EndGlobalSection
EndGlobal
